
Microsoft Visual Studio Solution File, Format Version 12.00
Project("{FAE04EC0-301F-11D3-BF4B-00C04F79EFBC}") = "RacingSimulator", "RacingSimulator\RacingSimulator.csproj", "{AC712CB5-E6FE-4034-B4EE-2B9E0BAE1329}"
EndProject
Global
	GlobalSection(SolutionConfigurationPlatforms) = preSolution
		Debug|Any CPU = Debug|Any CPU
		Release|Any CPU = Release|Any CPU
	EndGlobalSection
	GlobalSection(ProjectConfigurationPlatforms) = postSolution
		{AC712CB5-E6FE-4034-B4EE-2B9E0BAE1329}.Debug|Any CPU.ActiveCfg = Debug|Any CPU
		{AC712CB5-E6FE-4034-B4EE-2B9E0BAE1329}.Debug|Any CPU.Build.0 = Debug|Any CPU
		{AC712CB5-E6FE-4034-B4EE-2B9E0BAE1329}.Release|Any CPU.ActiveCfg = Release|Any CPU
		{AC712CB5-E6FE-4034-B4EE-2B9E0BAE1329}.Release|Any CPU.Build.0 = Release|Any CPU
	EndGlobalSection
EndGlobal
